
Microsoft Visual Studio Solution File, Format Version 12.00
# Visual Studio 2012
Project("{FAE04EC0-301F-11D3-BF4B-00C04F79EFBC}") = "SFMLPong", "SFMLPong\SFMLPong.csproj", "{7D2C8D7E-0B1A-4AB7-8C22-73274A93CE8B}"
EndProject
Global
	GlobalSection(SolutionConfigurationPlatforms) = preSolution
		Debug|Any CPU = Debug|Any CPU
		Debug|x64 = Debug|x64
		Release|Any CPU = Release|Any CPU
		Release|x64 = Release|x64
	EndGlobalSection
	GlobalSection(ProjectConfigurationPlatforms) = postSolution
		{7D2C8D7E-0B1A-4AB7-8C22-73274A93CE8B}.Debug|Any CPU.ActiveCfg = Debug|x64
		{7D2C8D7E-0B1A-4AB7-8C22-73274A93CE8B}.Debug|Any CPU.Build.0 = Debug|x64
		{7D2C8D7E-0B1A-4AB7-8C22-73274A93CE8B}.Debug|x64.ActiveCfg = Debug|x64
		{7D2C8D7E-0B1A-4AB7-8C22-73274A93CE8B}.Debug|x64.Build.0 = Debug|x64
		{7D2C8D7E-0B1A-4AB7-8C22-73274A93CE8B}.Release|Any CPU.ActiveCfg = Release|Any CPU
		{7D2C8D7E-0B1A-4AB7-8C22-73274A93CE8B}.Release|Any CPU.Build.0 = Release|Any CPU
		{7D2C8D7E-0B1A-4AB7-8C22-73274A93CE8B}.Release|x64.ActiveCfg = Release|x64
		{7D2C8D7E-0B1A-4AB7-8C22-73274A93CE8B}.Release|x64.Build.0 = Release|x64
	EndGlobalSection
	GlobalSection(SolutionProperties) = preSolution
		HideSolutionNode = FALSE
	EndGlobalSection
EndGlobal
